
Microsoft Visual Studio Solution File, Format Version 12.00
# Visual Studio Version 17
VisualStudioVersion = 17.0.31903.59
MinimumVisualStudioVersion = 10.0.40219.1
Project("{2150E333-8FDC-42A3-9474-1A3956D46DE8}") = "src", "src", "{827E0CD3-B72D-47B6-A68D-7590B98EB39B}"
EndProject
Project("{2150E333-8FDC-42A3-9474-1A3956D46DE8}") = "Shared", "Shared", "{C8E42992-5E42-0C2B-DBFE-AA848D06431C}"
EndProject
Project("{FAE04EC0-301F-11D3-BF4B-00C04F79EFBC}") = "QuantTrader.Common", "src\Shared\QuantTrader.Common\QuantTrader.Common.csproj", "{83597CAA-468E-4CE0-B088-8E98A9F62B2B}"
EndProject
Project("{FAE04EC0-301F-11D3-BF4B-00C04F79EFBC}") = "QuantTrader.Infrastructure", "src\Shared\QuantTrader.Infrastructure\QuantTrader.Infrastructure.csproj", "{767A637F-93C5-4F00-ACD3-E6B17E19D46B}"
EndProject
Project("{FAE04EC0-301F-11D3-BF4B-00C04F79EFBC}") = "QuantTrader.Indicators", "src\Shared\QuantTrader.Indicators\QuantTrader.Indicators.csproj", "{5E21F417-69F6-48FF-984A-51578A421BF8}"
EndProject
Project("{FAE04EC0-301F-11D3-BF4B-00C04F79EFBC}") = "DataIngestion", "src\Services\DataIngestion\DataIngestion.csproj", "{5DC1FDC0-B48E-4B84-8F69-0ADBDCE949C4}"
EndProject
Project("{FAE04EC0-301F-11D3-BF4B-00C04F79EFBC}") = "StrategyEngine", "src\Services\StrategyEngine\StrategyEngine.csproj", "{FD50FC79-FFE8-478E-B434-F78119E650F3}"
EndProject
Project("{FAE04EC0-301F-11D3-BF4B-00C04F79EFBC}") = "RiskManager", "src\Services\RiskManager\RiskManager.csproj", "{B2EC66B9-5196-413A-92BB-90A116D44CFF}"
EndProject
Project("{FAE04EC0-301F-11D3-BF4B-00C04F79EFBC}") = "ExecutionEngine", "src\Services\ExecutionEngine\ExecutionEngine.csproj", "{0BF645A2-2674-42C8-841D-C4EDB940115B}"
EndProject
Project("{FAE04EC0-301F-11D3-BF4B-00C04F79EFBC}") = "ApiGateway", "src\Services\ApiGateway\ApiGateway.csproj", "{72CF40CD-F180-42EF-9FEB-CD1EECC9B2CD}"
EndProject
Project("{FAE04EC0-301F-11D3-BF4B-00C04F79EFBC}") = "DataIngestion.Tests", "tests\DataIngestion.Tests\DataIngestion.Tests.csproj", "{A6CEB907-580B-4143-A37A-2DE154466631}"
EndProject
Project("{FAE04EC0-301F-11D3-BF4B-00C04F79EFBC}") = "StrategyEngine.Tests", "tests\StrategyEngine.Tests\StrategyEngine.Tests.csproj", "{1D6D69F7-F349-4B5E-B841-27EDD8AE4BD5}"
EndProject
Project("{FAE04EC0-301F-11D3-BF4B-00C04F79EFBC}") = "RiskManager.Tests", "tests\RiskManager.Tests\RiskManager.Tests.csproj", "{B43CC38B-4985-4098-AD52-3901BFA5518D}"
EndProject
Project("{FAE04EC0-301F-11D3-BF4B-00C04F79EFBC}") = "ExecutionEngine.Tests", "tests\ExecutionEngine.Tests\ExecutionEngine.Tests.csproj", "{D62A0E90-6BEB-49AC-A5F0-2952732130AB}"
EndProject
Project("{FAE04EC0-301F-11D3-BF4B-00C04F79EFBC}") = "Indicators.Tests", "tests\Indicators.Tests\Indicators.Tests.csproj", "{2C5CAEC4-01DF-49F3-B2DD-75C288D8A470}"
EndProject
Project("{FAE04EC0-301F-11D3-BF4B-00C04F79EFBC}") = "Integration.Tests", "tests\Integration.Tests\Integration.Tests.csproj", "{3D364491-126F-4A72-8940-79B7B83D9BE2}"
EndProject
Project("{2150E333-8FDC-42A3-9474-1A3956D46DE8}") = "tests", "tests", "{0AB3BF05-4346-4AA6-1389-037BE0695223}"
EndProject
Project("{FAE04EC0-301F-11D3-BF4B-00C04F79EFBC}") = "QuantTrader.TestInfrastructure", "tests\QuantTrader.TestInfrastructure\QuantTrader.TestInfrastructure.csproj", "{BAD5AAE0-1E51-414F-8559-34C742957BDB}"
EndProject
Project("{FAE04EC0-301F-11D3-BF4B-00C04F79EFBC}") = "ApiGateway.Tests", "tests\ApiGateway.Tests\ApiGateway.Tests.csproj", "{15235DBF-9967-419A-A304-38DEB88380FF}"
EndProject
Global
	GlobalSection(SolutionConfigurationPlatforms) = preSolution
		Debug|Any CPU = Debug|Any CPU
		Debug|x64 = Debug|x64
		Debug|x86 = Debug|x86
		Release|Any CPU = Release|Any CPU
		Release|x64 = Release|x64
		Release|x86 = Release|x86
	EndGlobalSection
	GlobalSection(ProjectConfigurationPlatforms) = postSolution
		{83597CAA-468E-4CE0-B088-8E98A9F62B2B}.Debug|Any CPU.ActiveCfg = Debug|Any CPU
		{83597CAA-468E-4CE0-B088-8E98A9F62B2B}.Debug|Any CPU.Build.0 = Debug|Any CPU
		{83597CAA-468E-4CE0-B088-8E98A9F62B2B}.Debug|x64.ActiveCfg = Debug|Any CPU
		{83597CAA-468E-4CE0-B088-8E98A9F62B2B}.Debug|x64.Build.0 = Debug|Any CPU
		{83597CAA-468E-4CE0-B088-8E98A9F62B2B}.Debug|x86.ActiveCfg = Debug|Any CPU
		{83597CAA-468E-4CE0-B088-8E98A9F62B2B}.Debug|x86.Build.0 = Debug|Any CPU
		{83597CAA-468E-4CE0-B088-8E98A9F62B2B}.Release|Any CPU.ActiveCfg = Release|Any CPU
		{83597CAA-468E-4CE0-B088-8E98A9F62B2B}.Release|Any CPU.Build.0 = Release|Any CPU
		{83597CAA-468E-4CE0-B088-8E98A9F62B2B}.Release|x64.ActiveCfg = Release|Any CPU
		{83597CAA-468E-4CE0-B088-8E98A9F62B2B}.Release|x64.Build.0 = Release|Any CPU
		{83597CAA-468E-4CE0-B088-8E98A9F62B2B}.Release|x86.ActiveCfg = Release|Any CPU
		{83597CAA-468E-4CE0-B088-8E98A9F62B2B}.Release|x86.Build.0 = Release|Any CPU
		{767A637F-93C5-4F00-ACD3-E6B17E19D46B}.Debug|Any CPU.ActiveCfg = Debug|Any CPU
		{767A637F-93C5-4F00-ACD3-E6B17E19D46B}.Debug|Any CPU.Build.0 = Debug|Any CPU
		{767A637F-93C5-4F00-ACD3-E6B17E19D46B}.Debug|x64.ActiveCfg = Debug|Any CPU
		{767A637F-93C5-4F00-ACD3-E6B17E19D46B}.Debug|x64.Build.0 = Debug|Any CPU
		{767A637F-93C5-4F00-ACD3-E6B17E19D46B}.Debug|x86.ActiveCfg = Debug|Any CPU
		{767A637F-93C5-4F00-ACD3-E6B17E19D46B}.Debug|x86.Build.0 = Debug|Any CPU
		{767A637F-93C5-4F00-ACD3-E6B17E19D46B}.Release|Any CPU.ActiveCfg = Release|Any CPU
		{767A637F-93C5-4F00-ACD3-E6B17E19D46B}.Release|Any CPU.Build.0 = Release|Any CPU
		{767A637F-93C5-4F00-ACD3-E6B17E19D46B}.Release|x64.ActiveCfg = Release|Any CPU
		{767A637F-93C5-4F00-ACD3-E6B17E19D46B}.Release|x64.Build.0 = Release|Any CPU
		{767A637F-93C5-4F00-ACD3-E6B17E19D46B}.Release|x86.ActiveCfg = Release|Any CPU
		{767A637F-93C5-4F00-ACD3-E6B17E19D46B}.Release|x86.Build.0 = Release|Any CPU
		{5E21F417-69F6-48FF-984A-51578A421BF8}.Debug|Any CPU.ActiveCfg = Debug|Any CPU
		{5E21F417-69F6-48FF-984A-51578A421BF8}.Debug|Any CPU.Build.0 = Debug|Any CPU
		{5E21F417-69F6-48FF-984A-51578A421BF8}.Debug|x64.ActiveCfg = Debug|Any CPU
		{5E21F417-69F6-48FF-984A-51578A421BF8}.Debug|x64.Build.0 = Debug|Any CPU
		{5E21F417-69F6-48FF-984A-51578A421BF8}.Debug|x86.ActiveCfg = Debug|Any CPU
		{5E21F417-69F6-48FF-984A-51578A421BF8}.Debug|x86.Build.0 = Debug|Any CPU
		{5E21F417-69F6-48FF-984A-51578A421BF8}.Release|Any CPU.ActiveCfg = Release|Any CPU
		{5E21F417-69F6-48FF-984A-51578A421BF8}.Release|Any CPU.Build.0 = Release|Any CPU
		{5E21F417-69F6-48FF-984A-51578A421BF8}.Release|x64.ActiveCfg = Release|Any CPU
		{5E21F417-69F6-48FF-984A-51578A421BF8}.Release|x64.Build.0 = Release|Any CPU
		{5E21F417-69F6-48FF-984A-51578A421BF8}.Release|x86.ActiveCfg = Release|Any CPU
		{5E21F417-69F6-48FF-984A-51578A421BF8}.Release|x86.Build.0 = Release|Any CPU
		{5DC1FDC0-B48E-4B84-8F69-0ADBDCE949C4}.Debug|Any CPU.ActiveCfg = Debug|Any CPU
		{5DC1FDC0-B48E-4B84-8F69-0ADBDCE949C4}.Debug|Any CPU.Build.0 = Debug|Any CPU
		{5DC1FDC0-B48E-4B84-8F69-0ADBDCE949C4}.Debug|x64.ActiveCfg = Debug|Any CPU
		{5DC1FDC0-B48E-4B84-8F69-0ADBDCE949C4}.Debug|x64.Build.0 = Debug|Any CPU
		{5DC1FDC0-B48E-4B84-8F69-0ADBDCE949C4}.Debug|x86.ActiveCfg = Debug|Any CPU
		{5DC1FDC0-B48E-4B84-8F69-0ADBDCE949C4}.Debug|x86.Build.0 = Debug|Any CPU
		{5DC1FDC0-B48E-4B84-8F69-0ADBDCE949C4}.Release|Any CPU.ActiveCfg = Release|Any CPU
		{5DC1FDC0-B48E-4B84-8F69-0ADBDCE949C4}.Release|Any CPU.Build.0 = Release|Any CPU
		{5DC1FDC0-B48E-4B84-8F69-0ADBDCE949C4}.Release|x64.ActiveCfg = Release|Any CPU
		{5DC1FDC0-B48E-4B84-8F69-0ADBDCE949C4}.Release|x64.Build.0 = Release|Any CPU
		{5DC1FDC0-B48E-4B84-8F69-0ADBDCE949C4}.Release|x86.ActiveCfg = Release|Any CPU
		{5DC1FDC0-B48E-4B84-8F69-0ADBDCE949C4}.Release|x86.Build.0 = Release|Any CPU
		{FD50FC79-FFE8-478E-B434-F78119E650F3}.Debug|Any CPU.ActiveCfg = Debug|Any CPU
		{FD50FC79-FFE8-478E-B434-F78119E650F3}.Debug|Any CPU.Build.0 = Debug|Any CPU
		{FD50FC79-FFE8-478E-B434-F78119E650F3}.Debug|x64.ActiveCfg = Debug|Any CPU
		{FD50FC79-FFE8-478E-B434-F78119E650F3}.Debug|x64.Build.0 = Debug|Any CPU
		{FD50FC79-FFE8-478E-B434-F78119E650F3}.Debug|x86.ActiveCfg = Debug|Any CPU
		{FD50FC79-FFE8-478E-B434-F78119E650F3}.Debug|x86.Build.0 = Debug|Any CPU
		{FD50FC79-FFE8-478E-B434-F78119E650F3}.Release|Any CPU.ActiveCfg = Release|Any CPU
		{FD50FC79-FFE8-478E-B434-F78119E650F3}.Release|Any CPU.Build.0 = Release|Any CPU
		{FD50FC79-FFE8-478E-B434-F78119E650F3}.Release|x64.ActiveCfg = Release|Any CPU
		{FD50FC79-FFE8-478E-B434-F78119E650F3}.Release|x64.Build.0 = Release|Any CPU
		{FD50FC79-FFE8-478E-B434-F78119E650F3}.Release|x86.ActiveCfg = Release|Any CPU
		{FD50FC79-FFE8-478E-B434-F78119E650F3}.Release|x86.Build.0 = Release|Any CPU
		{B2EC66B9-5196-413A-92BB-90A116D44CFF}.Debug|Any CPU.ActiveCfg = Debug|Any CPU
		{B2EC66B9-5196-413A-92BB-90A116D44CFF}.Debug|Any CPU.Build.0 = Debug|Any CPU
		{B2EC66B9-5196-413A-92BB-90A116D44CFF}.Debug|x64.ActiveCfg = Debug|Any CPU
		{B2EC66B9-5196-413A-92BB-90A116D44CFF}.Debug|x64.Build.0 = Debug|Any CPU
		{B2EC66B9-5196-413A-92BB-90A116D44CFF}.Debug|x86.ActiveCfg = Debug|Any CPU
		{B2EC66B9-5196-413A-92BB-90A116D44CFF}.Debug|x86.Build.0 = Debug|Any CPU
		{B2EC66B9-5196-413A-92BB-90A116D44CFF}.Release|Any CPU.ActiveCfg = Release|Any CPU
		{B2EC66B9-5196-413A-92BB-90A116D44CFF}.Release|Any CPU.Build.0 = Release|Any CPU
		{B2EC66B9-5196-413A-92BB-90A116D44CFF}.Release|x64.ActiveCfg = Release|Any CPU
		{B2EC66B9-5196-413A-92BB-90A116D44CFF}.Release|x64.Build.0 = Release|Any CPU
		{B2EC66B9-5196-413A-92BB-90A116D44CFF}.Release|x86.ActiveCfg = Release|Any CPU
		{B2EC66B9-5196-413A-92BB-90A116D44CFF}.Release|x86.Build.0 = Release|Any CPU
		{0BF645A2-2674-42C8-841D-C4EDB940115B}.Debug|Any CPU.ActiveCfg = Debug|Any CPU
		{0BF645A2-2674-42C8-841D-C4EDB940115B}.Debug|Any CPU.Build.0 = Debug|Any CPU
		{0BF645A2-2674-42C8-841D-C4EDB940115B}.Debug|x64.ActiveCfg = Debug|Any CPU
		{0BF645A2-2674-42C8-841D-C4EDB940115B}.Debug|x64.Build.0 = Debug|Any CPU
		{0BF645A2-2674-42C8-841D-C4EDB940115B}.Debug|x86.ActiveCfg = Debug|Any CPU
		{0BF645A2-2674-42C8-841D-C4EDB940115B}.Debug|x86.Build.0 = Debug|Any CPU
		{0BF645A2-2674-42C8-841D-C4EDB940115B}.Release|Any CPU.ActiveCfg = Release|Any CPU
		{0BF645A2-2674-42C8-841D-C4EDB940115B}.Release|Any CPU.Build.0 = Release|Any CPU
		{0BF645A2-2674-42C8-841D-C4EDB940115B}.Release|x64.ActiveCfg = Release|Any CPU
		{0BF645A2-2674-42C8-841D-C4EDB940115B}.Release|x64.Build.0 = Release|Any CPU
		{0BF645A2-2674-42C8-841D-C4EDB940115B}.Release|x86.ActiveCfg = Release|Any CPU
		{0BF645A2-2674-42C8-841D-C4EDB940115B}.Release|x86.Build.0 = Release|Any CPU
		{72CF40CD-F180-42EF-9FEB-CD1EECC9B2CD}.Debug|Any CPU.ActiveCfg = Debug|Any CPU
		{72CF40CD-F180-42EF-9FEB-CD1EECC9B2CD}.Debug|Any CPU.Build.0 = Debug|Any CPU
		{72CF40CD-F180-42EF-9FEB-CD1EECC9B2CD}.Debug|x64.ActiveCfg = Debug|Any CPU
		{72CF40CD-F180-42EF-9FEB-CD1EECC9B2CD}.Debug|x64.Build.0 = Debug|Any CPU
		{72CF40CD-F180-42EF-9FEB-CD1EECC9B2CD}.Debug|x86.ActiveCfg = Debug|Any CPU
		{72CF40CD-F180-42EF-9FEB-CD1EECC9B2CD}.Debug|x86.Build.0 = Debug|Any CPU
		{72CF40CD-F180-42EF-9FEB-CD1EECC9B2CD}.Release|Any CPU.ActiveCfg = Release|Any CPU
		{72CF40CD-F180-42EF-9FEB-CD1EECC9B2CD}.Release|Any CPU.Build.0 = Release|Any CPU
		{72CF40CD-F180-42EF-9FEB-CD1EECC9B2CD}.Release|x64.ActiveCfg = Release|Any CPU
		{72CF40CD-F180-42EF-9FEB-CD1EECC9B2CD}.Release|x64.Build.0 = Release|Any CPU
		{72CF40CD-F180-42EF-9FEB-CD1EECC9B2CD}.Release|x86.ActiveCfg = Release|Any CPU
		{72CF40CD-F180-42EF-9FEB-CD1EECC9B2CD}.Release|x86.Build.0 = Release|Any CPU
		{A6CEB907-580B-4143-A37A-2DE154466631}.Debug|Any CPU.ActiveCfg = Debug|Any CPU
		{A6CEB907-580B-4143-A37A-2DE154466631}.Debug|Any CPU.Build.0 = Debug|Any CPU
		{A6CEB907-580B-4143-A37A-2DE154466631}.Debug|x64.ActiveCfg = Debug|Any CPU
		{A6CEB907-580B-4143-A37A-2DE154466631}.Debug|x64.Build.0 = Debug|Any CPU
		{A6CEB907-580B-4143-A37A-2DE154466631}.Debug|x86.ActiveCfg = Debug|Any CPU
		{A6CEB907-580B-4143-A37A-2DE154466631}.Debug|x86.Build.0 = Debug|Any CPU
		{A6CEB907-580B-4143-A37A-2DE154466631}.Release|Any CPU.ActiveCfg = Release|Any CPU
		{A6CEB907-580B-4143-A37A-2DE154466631}.Release|Any CPU.Build.0 = Release|Any CPU
		{A6CEB907-580B-4143-A37A-2DE154466631}.Release|x64.ActiveCfg = Release|Any CPU
		{A6CEB907-580B-4143-A37A-2DE154466631}.Release|x64.Build.0 = Release|Any CPU
		{A6CEB907-580B-4143-A37A-2DE154466631}.Release|x86.ActiveCfg = Release|Any CPU
		{A6CEB907-580B-4143-A37A-2DE154466631}.Release|x86.Build.0 = Release|Any CPU
		{1D6D69F7-F349-4B5E-B841-27EDD8AE4BD5}.Debug|Any CPU.ActiveCfg = Debug|Any CPU
		{1D6D69F7-F349-4B5E-B841-27EDD8AE4BD5}.Debug|Any CPU.Build.0 = Debug|Any CPU
		{1D6D69F7-F349-4B5E-B841-27EDD8AE4BD5}.Debug|x64.ActiveCfg = Debug|Any CPU
		{1D6D69F7-F349-4B5E-B841-27EDD8AE4BD5}.Debug|x64.Build.0 = Debug|Any CPU
		{1D6D69F7-F349-4B5E-B841-27EDD8AE4BD5}.Debug|x86.ActiveCfg = Debug|Any CPU
		{1D6D69F7-F349-4B5E-B841-27EDD8AE4BD5}.Debug|x86.Build.0 = Debug|Any CPU
		{1D6D69F7-F349-4B5E-B841-27EDD8AE4BD5}.Release|Any CPU.ActiveCfg = Release|Any CPU
		{1D6D69F7-F349-4B5E-B841-27EDD8AE4BD5}.Release|Any CPU.Build.0 = Release|Any CPU
		{1D6D69F7-F349-4B5E-B841-27EDD8AE4BD5}.Release|x64.ActiveCfg = Release|Any CPU
		{1D6D69F7-F349-4B5E-B841-27EDD8AE4BD5}.Release|x64.Build.0 = Release|Any CPU
		{1D6D69F7-F349-4B5E-B841-27EDD8AE4BD5}.Release|x86.ActiveCfg = Release|Any CPU
		{1D6D69F7-F349-4B5E-B841-27EDD8AE4BD5}.Release|x86.Build.0 = Release|Any CPU
		{B43CC38B-4985-4098-AD52-3901BFA5518D}.Debug|Any CPU.ActiveCfg = Debug|Any CPU
		{B43CC38B-4985-4098-AD52-3901BFA5518D}.Debug|Any CPU.Build.0 = Debug|Any CPU
		{B43CC38B-4985-4098-AD52-3901BFA5518D}.Debug|x64.ActiveCfg = Debug|Any CPU
		{B43CC38B-4985-4098-AD52-3901BFA5518D}.Debug|x64.Build.0 = Debug|Any CPU
		{B43CC38B-4985-4098-AD52-3901BFA5518D}.Debug|x86.ActiveCfg = Debug|Any CPU
		{B43CC38B-4985-4098-AD52-3901BFA5518D}.Debug|x86.Build.0 = Debug|Any CPU
		{B43CC38B-4985-4098-AD52-3901BFA5518D}.Release|Any CPU.ActiveCfg = Release|Any CPU
		{B43CC38B-4985-4098-AD52-3901BFA5518D}.Release|Any CPU.Build.0 = Release|Any CPU
		{B43CC38B-4985-4098-AD52-3901BFA5518D}.Release|x64.ActiveCfg = Release|Any CPU
		{B43CC38B-4985-4098-AD52-3901BFA5518D}.Release|x64.Build.0 = Release|Any CPU
		{B43CC38B-4985-4098-AD52-3901BFA5518D}.Release|x86.ActiveCfg = Release|Any CPU
		{B43CC38B-4985-4098-AD52-3901BFA5518D}.Release|x86.Build.0 = Release|Any CPU
		{D62A0E90-6BEB-49AC-A5F0-2952732130AB}.Debug|Any CPU.ActiveCfg = Debug|Any CPU
		{D62A0E90-6BEB-49AC-A5F0-2952732130AB}.Debug|Any CPU.Build.0 = Debug|Any CPU
		{D62A0E90-6BEB-49AC-A5F0-2952732130AB}.Debug|x64.ActiveCfg = Debug|Any CPU
		{D62A0E90-6BEB-49AC-A5F0-2952732130AB}.Debug|x64.Build.0 = Debug|Any CPU
		{D62A0E90-6BEB-49AC-A5F0-2952732130AB}.Debug|x86.ActiveCfg = Debug|Any CPU
		{D62A0E90-6BEB-49AC-A5F0-2952732130AB}.Debug|x86.Build.0 = Debug|Any CPU
		{D62A0E90-6BEB-49AC-A5F0-2952732130AB}.Release|Any CPU.ActiveCfg = Release|Any CPU
		{D62A0E90-6BEB-49AC-A5F0-2952732130AB}.Release|Any CPU.Build.0 = Release|Any CPU
		{D62A0E90-6BEB-49AC-A5F0-2952732130AB}.Release|x64.ActiveCfg = Release|Any CPU
		{D62A0E90-6BEB-49AC-A5F0-2952732130AB}.Release|x64.Build.0 = Release|Any CPU
		{D62A0E90-6BEB-49AC-A5F0-2952732130AB}.Release|x86.ActiveCfg = Release|Any CPU
		{D62A0E90-6BEB-49AC-A5F0-2952732130AB}.Release|x86.Build.0 = Release|Any CPU
		{2C5CAEC4-01DF-49F3-B2DD-75C288D8A470}.Debug|Any CPU.ActiveCfg = Debug|Any CPU
		{2C5CAEC4-01DF-49F3-B2DD-75C288D8A470}.Debug|Any CPU.Build.0 = Debug|Any CPU
		{2C5CAEC4-01DF-49F3-B2DD-75C288D8A470}.Debug|x64.ActiveCfg = Debug|Any CPU
		{2C5CAEC4-01DF-49F3-B2DD-75C288D8A470}.Debug|x64.Build.0 = Debug|Any CPU
		{2C5CAEC4-01DF-49F3-B2DD-75C288D8A470}.Debug|x86.ActiveCfg = Debug|Any CPU
		{2C5CAEC4-01DF-49F3-B2DD-75C288D8A470}.Debug|x86.Build.0 = Debug|Any CPU
		{2C5CAEC4-01DF-49F3-B2DD-75C288D8A470}.Release|Any CPU.ActiveCfg = Release|Any CPU
		{2C5CAEC4-01DF-49F3-B2DD-75C288D8A470}.Release|Any CPU.Build.0 = Release|Any CPU
		{2C5CAEC4-01DF-49F3-B2DD-75C288D8A470}.Release|x64.ActiveCfg = Release|Any CPU
		{2C5CAEC4-01DF-49F3-B2DD-75C288D8A470}.Release|x64.Build.0 = Release|Any CPU
		{2C5CAEC4-01DF-49F3-B2DD-75C288D8A470}.Release|x86.ActiveCfg = Release|Any CPU
		{2C5CAEC4-01DF-49F3-B2DD-75C288D8A470}.Release|x86.Build.0 = Release|Any CPU
		{3D364491-126F-4A72-8940-79B7B83D9BE2}.Debug|Any CPU.ActiveCfg = Debug|Any CPU
		{3D364491-126F-4A72-8940-79B7B83D9BE2}.Debug|Any CPU.Build.0 = Debug|Any CPU
		{3D364491-126F-4A72-8940-79B7B83D9BE2}.Debug|x64.ActiveCfg = Debug|Any CPU
		{3D364491-126F-4A72-8940-79B7B83D9BE2}.Debug|x64.Build.0 = Debug|Any CPU
		{3D364491-126F-4A72-8940-79B7B83D9BE2}.Debug|x86.ActiveCfg = Debug|Any CPU
		{3D364491-126F-4A72-8940-79B7B83D9BE2}.Debug|x86.Build.0 = Debug|Any CPU
		{3D364491-126F-4A72-8940-79B7B83D9BE2}.Release|Any CPU.ActiveCfg = Release|Any CPU
		{3D364491-126F-4A72-8940-79B7B83D9BE2}.Release|Any CPU.Build.0 = Release|Any CPU
		{3D364491-126F-4A72-8940-79B7B83D9BE2}.Release|x64.ActiveCfg = Release|Any CPU
		{3D364491-126F-4A72-8940-79B7B83D9BE2}.Release|x64.Build.0 = Release|Any CPU
		{3D364491-126F-4A72-8940-79B7B83D9BE2}.Release|x86.ActiveCfg = Release|Any CPU
		{3D364491-126F-4A72-8940-79B7B83D9BE2}.Release|x86.Build.0 = Release|Any CPU
		{BAD5AAE0-1E51-414F-8559-34C742957BDB}.Debug|Any CPU.ActiveCfg = Debug|Any CPU
		{BAD5AAE0-1E51-414F-8559-34C742957BDB}.Debug|Any CPU.Build.0 = Debug|Any CPU
		{BAD5AAE0-1E51-414F-8559-34C742957BDB}.Debug|x64.ActiveCfg = Debug|Any CPU
		{BAD5AAE0-1E51-414F-8559-34C742957BDB}.Debug|x64.Build.0 = Debug|Any CPU
		{BAD5AAE0-1E51-414F-8559-34C742957BDB}.Debug|x86.ActiveCfg = Debug|Any CPU
		{BAD5AAE0-1E51-414F-8559-34C742957BDB}.Debug|x86.Build.0 = Debug|Any CPU
		{BAD5AAE0-1E51-414F-8559-34C742957BDB}.Release|Any CPU.ActiveCfg = Release|Any CPU
		{BAD5AAE0-1E51-414F-8559-34C742957BDB}.Release|Any CPU.Build.0 = Release|Any CPU
		{BAD5AAE0-1E51-414F-8559-34C742957BDB}.Release|x64.ActiveCfg = Release|Any CPU
		{BAD5AAE0-1E51-414F-8559-34C742957BDB}.Release|x64.Build.0 = Release|Any CPU
		{BAD5AAE0-1E51-414F-8559-34C742957BDB}.Release|x86.ActiveCfg = Release|Any CPU
		{BAD5AAE0-1E51-414F-8559-34C742957BDB}.Release|x86.Build.0 = Release|Any CPU
		{15235DBF-9967-419A-A304-38DEB88380FF}.Debug|Any CPU.ActiveCfg = Debug|Any CPU
		{15235DBF-9967-419A-A304-38DEB88380FF}.Debug|Any CPU.Build.0 = Debug|Any CPU
		{15235DBF-9967-419A-A304-38DEB88380FF}.Debug|x64.ActiveCfg = Debug|Any CPU
		{15235DBF-9967-419A-A304-38DEB88380FF}.Debug|x64.Build.0 = Debug|Any CPU
		{15235DBF-9967-419A-A304-38DEB88380FF}.Debug|x86.ActiveCfg = Debug|Any CPU
		{15235DBF-9967-419A-A304-38DEB88380FF}.Debug|x86.Build.0 = Debug|Any CPU
		{15235DBF-9967-419A-A304-38DEB88380FF}.Release|Any CPU.ActiveCfg = Release|Any CPU
		{15235DBF-9967-419A-A304-38DEB88380FF}.Release|Any CPU.Build.0 = Release|Any CPU
		{15235DBF-9967-419A-A304-38DEB88380FF}.Release|x64.ActiveCfg = Release|Any CPU
		{15235DBF-9967-419A-A304-38DEB88380FF}.Release|x64.Build.0 = Release|Any CPU
		{15235DBF-9967-419A-A304-38DEB88380FF}.Release|x86.ActiveCfg = Release|Any CPU
		{15235DBF-9967-419A-A304-38DEB88380FF}.Release|x86.Build.0 = Release|Any CPU
	EndGlobalSection
	GlobalSection(SolutionProperties) = preSolution
		HideSolutionNode = FALSE
	EndGlobalSection
	GlobalSection(NestedProjects) = preSolution
		{C8E42992-5E42-0C2B-DBFE-AA848D06431C} = {827E0CD3-B72D-47B6-A68D-7590B98EB39B}
		{83597CAA-468E-4CE0-B088-8E98A9F62B2B} = {C8E42992-5E42-0C2B-DBFE-AA848D06431C}
		{767A637F-93C5-4F00-ACD3-E6B17E19D46B} = {C8E42992-5E42-0C2B-DBFE-AA848D06431C}
		{5E21F417-69F6-48FF-984A-51578A421BF8} = {C8E42992-5E42-0C2B-DBFE-AA848D06431C}
		{5DC1FDC0-B48E-4B84-8F69-0ADBDCE949C4} = {C8E42992-5E42-0C2B-DBFE-AA848D06431C}
		{FD50FC79-FFE8-478E-B434-F78119E650F3} = {C8E42992-5E42-0C2B-DBFE-AA848D06431C}
		{B2EC66B9-5196-413A-92BB-90A116D44CFF} = {C8E42992-5E42-0C2B-DBFE-AA848D06431C}
		{0BF645A2-2674-42C8-841D-C4EDB940115B} = {C8E42992-5E42-0C2B-DBFE-AA848D06431C}
		{72CF40CD-F180-42EF-9FEB-CD1EECC9B2CD} = {C8E42992-5E42-0C2B-DBFE-AA848D06431C}
		{A6CEB907-580B-4143-A37A-2DE154466631} = {C8E42992-5E42-0C2B-DBFE-AA848D06431C}
		{1D6D69F7-F349-4B5E-B841-27EDD8AE4BD5} = {C8E42992-5E42-0C2B-DBFE-AA848D06431C}
		{B43CC38B-4985-4098-AD52-3901BFA5518D} = {C8E42992-5E42-0C2B-DBFE-AA848D06431C}
		{D62A0E90-6BEB-49AC-A5F0-2952732130AB} = {C8E42992-5E42-0C2B-DBFE-AA848D06431C}
		{2C5CAEC4-01DF-49F3-B2DD-75C288D8A470} = {C8E42992-5E42-0C2B-DBFE-AA848D06431C}
		{3D364491-126F-4A72-8940-79B7B83D9BE2} = {C8E42992-5E42-0C2B-DBFE-AA848D06431C}
		{BAD5AAE0-1E51-414F-8559-34C742957BDB} = {0AB3BF05-4346-4AA6-1389-037BE0695223}
		{15235DBF-9967-419A-A304-38DEB88380FF} = {0AB3BF05-4346-4AA6-1389-037BE0695223}
	EndGlobalSection
EndGlobal
